
Microsoft Visual Studio Solution File, Format Version 12.00
# Visual Studio 14
VisualStudioVersion = 14.0.25123.0
MinimumVisualStudioVersion = 10.0.40219.1
Project("{FAE04EC0-301F-11D3-BF4B-00C04F79EFBC}") = "LazyLoadDataList", "LazyLoadDataList\LazyLoadDataList.csproj", "{3D044B89-B528-4A81-9BEC-DDFD85BDB4C4}"
EndProject
Project("{FAE04EC0-301F-11D3-BF4B-00C04F79EFBC}") = "LazyLoadDataList.Service", "LazyLoadDataList.Service\LazyLoadDataList.Service.csproj", "{9963BB7B-D7FC-4569-A97F-20E9BA13A9A8}"
EndProject
Project("{FAE04EC0-301F-11D3-BF4B-00C04F79EFBC}") = "LazyLoadDataList.Data", "LazyLoadDataList.Data\LazyLoadDataList.Data.csproj", "{A396E91E-3F0D-476F-8FD4-05A87E8A4BDC}"
EndProject
Global
	GlobalSection(SolutionConfigurationPlatforms) = preSolution
		AppStore|Any CPU = AppStore|Any CPU
		AppStore|ARM = AppStore|ARM
		AppStore|iPhone = AppStore|iPhone
		AppStore|iPhoneSimulator = AppStore|iPhoneSimulator
		AppStore|x86 = AppStore|x86
		Debug|Any CPU = Debug|Any CPU
		Debug|ARM = Debug|ARM
		Debug|iPhone = Debug|iPhone
		Debug|iPhoneSimulator = Debug|iPhoneSimulator
		Debug|x86 = Debug|x86
		Release|Any CPU = Release|Any CPU
		Release|ARM = Release|ARM
		Release|iPhone = Release|iPhone
		Release|iPhoneSimulator = Release|iPhoneSimulator
		Release|x86 = Release|x86
	EndGlobalSection
	GlobalSection(ProjectConfigurationPlatforms) = postSolution
		{3D044B89-B528-4A81-9BEC-DDFD85BDB4C4}.AppStore|Any CPU.ActiveCfg = Release|Any CPU
		{3D044B89-B528-4A81-9BEC-DDFD85BDB4C4}.AppStore|Any CPU.Build.0 = Release|Any CPU
		{3D044B89-B528-4A81-9BEC-DDFD85BDB4C4}.AppStore|Any CPU.Deploy.0 = Release|Any CPU
		{3D044B89-B528-4A81-9BEC-DDFD85BDB4C4}.AppStore|ARM.ActiveCfg = Release|Any CPU
		{3D044B89-B528-4A81-9BEC-DDFD85BDB4C4}.AppStore|ARM.Build.0 = Release|Any CPU
		{3D044B89-B528-4A81-9BEC-DDFD85BDB4C4}.AppStore|ARM.Deploy.0 = Release|Any CPU
		{3D044B89-B528-4A81-9BEC-DDFD85BDB4C4}.AppStore|iPhone.ActiveCfg = Release|Any CPU
		{3D044B89-B528-4A81-9BEC-DDFD85BDB4C4}.AppStore|iPhone.Build.0 = Release|Any CPU
		{3D044B89-B528-4A81-9BEC-DDFD85BDB4C4}.AppStore|iPhone.Deploy.0 = Release|Any CPU
		{3D044B89-B528-4A81-9BEC-DDFD85BDB4C4}.AppStore|iPhoneSimulator.ActiveCfg = Release|Any CPU
		{3D044B89-B528-4A81-9BEC-DDFD85BDB4C4}.AppStore|iPhoneSimulator.Build.0 = Release|Any CPU
		{3D044B89-B528-4A81-9BEC-DDFD85BDB4C4}.AppStore|iPhoneSimulator.Deploy.0 = Release|Any CPU
		{3D044B89-B528-4A81-9BEC-DDFD85BDB4C4}.AppStore|x86.ActiveCfg = Release|Any CPU
		{3D044B89-B528-4A81-9BEC-DDFD85BDB4C4}.AppStore|x86.Build.0 = Release|Any CPU
		{3D044B89-B528-4A81-9BEC-DDFD85BDB4C4}.AppStore|x86.Deploy.0 = Release|Any CPU
		{3D044B89-B528-4A81-9BEC-DDFD85BDB4C4}.Debug|Any CPU.ActiveCfg = Debug|Any CPU
		{3D044B89-B528-4A81-9BEC-DDFD85BDB4C4}.Debug|Any CPU.Build.0 = Debug|Any CPU
		{3D044B89-B528-4A81-9BEC-DDFD85BDB4C4}.Debug|Any CPU.Deploy.0 = Debug|Any CPU
		{3D044B89-B528-4A81-9BEC-DDFD85BDB4C4}.Debug|ARM.ActiveCfg = Debug|Any CPU
		{3D044B89-B528-4A81-9BEC-DDFD85BDB4C4}.Debug|ARM.Build.0 = Debug|Any CPU
		{3D044B89-B528-4A81-9BEC-DDFD85BDB4C4}.Debug|ARM.Deploy.0 = Debug|Any CPU
		{3D044B89-B528-4A81-9BEC-DDFD85BDB4C4}.Debug|iPhone.ActiveCfg = Debug|Any CPU
		{3D044B89-B528-4A81-9BEC-DDFD85BDB4C4}.Debug|iPhone.Build.0 = Debug|Any CPU
		{3D044B89-B528-4A81-9BEC-DDFD85BDB4C4}.Debug|iPhone.Deploy.0 = Debug|Any CPU
		{3D044B89-B528-4A81-9BEC-DDFD85BDB4C4}.Debug|iPhoneSimulator.ActiveCfg = Debug|Any CPU
		{3D044B89-B528-4A81-9BEC-DDFD85BDB4C4}.Debug|iPhoneSimulator.Build.0 = Debug|Any CPU
		{3D044B89-B528-4A81-9BEC-DDFD85BDB4C4}.Debug|iPhoneSimulator.Deploy.0 = Debug|Any CPU
		{3D044B89-B528-4A81-9BEC-DDFD85BDB4C4}.Debug|x86.ActiveCfg = Debug|Any CPU
		{3D044B89-B528-4A81-9BEC-DDFD85BDB4C4}.Debug|x86.Build.0 = Debug|Any CPU
		{3D044B89-B528-4A81-9BEC-DDFD85BDB4C4}.Debug|x86.Deploy.0 = Debug|Any CPU
		{3D044B89-B528-4A81-9BEC-DDFD85BDB4C4}.Release|Any CPU.ActiveCfg = Release|Any CPU
		{3D044B89-B528-4A81-9BEC-DDFD85BDB4C4}.Release|Any CPU.Build.0 = Release|Any CPU
		{3D044B89-B528-4A81-9BEC-DDFD85BDB4C4}.Release|Any CPU.Deploy.0 = Release|Any CPU
		{3D044B89-B528-4A81-9BEC-DDFD85BDB4C4}.Release|ARM.ActiveCfg = Release|Any CPU
		{3D044B89-B528-4A81-9BEC-DDFD85BDB4C4}.Release|ARM.Build.0 = Release|Any CPU
		{3D044B89-B528-4A81-9BEC-DDFD85BDB4C4}.Release|ARM.Deploy.0 = Release|Any CPU
		{3D044B89-B528-4A81-9BEC-DDFD85BDB4C4}.Release|iPhone.ActiveCfg = Release|Any CPU
		{3D044B89-B528-4A81-9BEC-DDFD85BDB4C4}.Release|iPhone.Build.0 = Release|Any CPU
		{3D044B89-B528-4A81-9BEC-DDFD85BDB4C4}.Release|iPhone.Deploy.0 = Release|Any CPU
		{3D044B89-B528-4A81-9BEC-DDFD85BDB4C4}.Release|iPhoneSimulator.ActiveCfg = Release|Any CPU
		{3D044B89-B528-4A81-9BEC-DDFD85BDB4C4}.Release|iPhoneSimulator.Build.0 = Release|Any CPU
		{3D044B89-B528-4A81-9BEC-DDFD85BDB4C4}.Release|iPhoneSimulator.Deploy.0 = Release|Any CPU
		{3D044B89-B528-4A81-9BEC-DDFD85BDB4C4}.Release|x86.ActiveCfg = Release|Any CPU
		{3D044B89-B528-4A81-9BEC-DDFD85BDB4C4}.Release|x86.Build.0 = Release|Any CPU
		{3D044B89-B528-4A81-9BEC-DDFD85BDB4C4}.Release|x86.Deploy.0 = Release|Any CPU
		{9963BB7B-D7FC-4569-A97F-20E9BA13A9A8}.AppStore|Any CPU.ActiveCfg = Release|Any CPU
		{9963BB7B-D7FC-4569-A97F-20E9BA13A9A8}.AppStore|Any CPU.Build.0 = Release|Any CPU
		{9963BB7B-D7FC-4569-A97F-20E9BA13A9A8}.AppStore|ARM.ActiveCfg = Release|Any CPU
		{9963BB7B-D7FC-4569-A97F-20E9BA13A9A8}.AppStore|ARM.Build.0 = Release|Any CPU
		{9963BB7B-D7FC-4569-A97F-20E9BA13A9A8}.AppStore|iPhone.ActiveCfg = Release|Any CPU
		{9963BB7B-D7FC-4569-A97F-20E9BA13A9A8}.AppStore|iPhone.Build.0 = Release|Any CPU
		{9963BB7B-D7FC-4569-A97F-20E9BA13A9A8}.AppStore|iPhoneSimulator.ActiveCfg = Release|Any CPU
		{9963BB7B-D7FC-4569-A97F-20E9BA13A9A8}.AppStore|iPhoneSimulator.Build.0 = Release|Any CPU
		{9963BB7B-D7FC-4569-A97F-20E9BA13A9A8}.AppStore|x86.ActiveCfg = Release|Any CPU
		{9963BB7B-D7FC-4569-A97F-20E9BA13A9A8}.AppStore|x86.Build.0 = Release|Any CPU
		{9963BB7B-D7FC-4569-A97F-20E9BA13A9A8}.Debug|Any CPU.ActiveCfg = Debug|Any CPU
		{9963BB7B-D7FC-4569-A97F-20E9BA13A9A8}.Debug|Any CPU.Build.0 = Debug|Any CPU
		{9963BB7B-D7FC-4569-A97F-20E9BA13A9A8}.Debug|ARM.ActiveCfg = Debug|Any CPU
		{9963BB7B-D7FC-4569-A97F-20E9BA13A9A8}.Debug|ARM.Build.0 = Debug|Any CPU
		{9963BB7B-D7FC-4569-A97F-20E9BA13A9A8}.Debug|iPhone.ActiveCfg = Debug|Any CPU
		{9963BB7B-D7FC-4569-A97F-20E9BA13A9A8}.Debug|iPhone.Build.0 = Debug|Any CPU
		{9963BB7B-D7FC-4569-A97F-20E9BA13A9A8}.Debug|iPhoneSimulator.ActiveCfg = Debug|Any CPU
		{9963BB7B-D7FC-4569-A97F-20E9BA13A9A8}.Debug|iPhoneSimulator.Build.0 = Debug|Any CPU
		{9963BB7B-D7FC-4569-A97F-20E9BA13A9A8}.Debug|x86.ActiveCfg = Debug|Any CPU
		{9963BB7B-D7FC-4569-A97F-20E9BA13A9A8}.Debug|x86.Build.0 = Debug|Any CPU
		{9963BB7B-D7FC-4569-A97F-20E9BA13A9A8}.Release|Any CPU.ActiveCfg = Release|Any CPU
		{9963BB7B-D7FC-4569-A97F-20E9BA13A9A8}.Release|Any CPU.Build.0 = Release|Any CPU
		{9963BB7B-D7FC-4569-A97F-20E9BA13A9A8}.Release|ARM.ActiveCfg = Release|Any CPU
		{9963BB7B-D7FC-4569-A97F-20E9BA13A9A8}.Release|ARM.Build.0 = Release|Any CPU
		{9963BB7B-D7FC-4569-A97F-20E9BA13A9A8}.Release|iPhone.ActiveCfg = Release|Any CPU
		{9963BB7B-D7FC-4569-A97F-20E9BA13A9A8}.Release|iPhone.Build.0 = Release|Any CPU
		{9963BB7B-D7FC-4569-A97F-20E9BA13A9A8}.Release|iPhoneSimulator.ActiveCfg = Release|Any CPU
		{9963BB7B-D7FC-4569-A97F-20E9BA13A9A8}.Release|iPhoneSimulator.Build.0 = Release|Any CPU
		{9963BB7B-D7FC-4569-A97F-20E9BA13A9A8}.Release|x86.ActiveCfg = Release|Any CPU
		{9963BB7B-D7FC-4569-A97F-20E9BA13A9A8}.Release|x86.Build.0 = Release|Any CPU
		{A396E91E-3F0D-476F-8FD4-05A87E8A4BDC}.AppStore|Any CPU.ActiveCfg = Release|Any CPU
		{A396E91E-3F0D-476F-8FD4-05A87E8A4BDC}.AppStore|Any CPU.Build.0 = Release|Any CPU
		{A396E91E-3F0D-476F-8FD4-05A87E8A4BDC}.AppStore|ARM.ActiveCfg = Release|Any CPU
		{A396E91E-3F0D-476F-8FD4-05A87E8A4BDC}.AppStore|ARM.Build.0 = Release|Any CPU
		{A396E91E-3F0D-476F-8FD4-05A87E8A4BDC}.AppStore|iPhone.ActiveCfg = Release|Any CPU
		{A396E91E-3F0D-476F-8FD4-05A87E8A4BDC}.AppStore|iPhone.Build.0 = Release|Any CPU
		{A396E91E-3F0D-476F-8FD4-05A87E8A4BDC}.AppStore|iPhoneSimulator.ActiveCfg = Release|Any CPU
		{A396E91E-3F0D-476F-8FD4-05A87E8A4BDC}.AppStore|iPhoneSimulator.Build.0 = Release|Any CPU
		{A396E91E-3F0D-476F-8FD4-05A87E8A4BDC}.AppStore|x86.ActiveCfg = Release|Any CPU
		{A396E91E-3F0D-476F-8FD4-05A87E8A4BDC}.AppStore|x86.Build.0 = Release|Any CPU
		{A396E91E-3F0D-476F-8FD4-05A87E8A4BDC}.Debug|Any CPU.ActiveCfg = Debug|Any CPU
		{A396E91E-3F0D-476F-8FD4-05A87E8A4BDC}.Debug|Any CPU.Build.0 = Debug|Any CPU
		{A396E91E-3F0D-476F-8FD4-05A87E8A4BDC}.Debug|ARM.ActiveCfg = Debug|Any CPU
		{A396E91E-3F0D-476F-8FD4-05A87E8A4BDC}.Debug|ARM.Build.0 = Debug|Any CPU
		{A396E91E-3F0D-476F-8FD4-05A87E8A4BDC}.Debug|iPhone.ActiveCfg = Debug|Any CPU
		{A396E91E-3F0D-476F-8FD4-05A87E8A4BDC}.Debug|iPhone.Build.0 = Debug|Any CPU
		{A396E91E-3F0D-476F-8FD4-05A87E8A4BDC}.Debug|iPhoneSimulator.ActiveCfg = Debug|Any CPU
		{A396E91E-3F0D-476F-8FD4-05A87E8A4BDC}.Debug|iPhoneSimulator.Build.0 = Debug|Any CPU
		{A396E91E-3F0D-476F-8FD4-05A87E8A4BDC}.Debug|x86.ActiveCfg = Debug|Any CPU
		{A396E91E-3F0D-476F-8FD4-05A87E8A4BDC}.Debug|x86.Build.0 = Debug|Any CPU
		{A396E91E-3F0D-476F-8FD4-05A87E8A4BDC}.Release|Any CPU.ActiveCfg = Release|Any CPU
		{A396E91E-3F0D-476F-8FD4-05A87E8A4BDC}.Release|Any CPU.Build.0 = Release|Any CPU
		{A396E91E-3F0D-476F-8FD4-05A87E8A4BDC}.Release|ARM.ActiveCfg = Release|Any CPU
		{A396E91E-3F0D-476F-8FD4-05A87E8A4BDC}.Release|ARM.Build.0 = Release|Any CPU
		{A396E91E-3F0D-476F-8FD4-05A87E8A4BDC}.Release|iPhone.ActiveCfg = Release|Any CPU
		{A396E91E-3F0D-476F-8FD4-05A87E8A4BDC}.Release|iPhone.Build.0 = Release|Any CPU
		{A396E91E-3F0D-476F-8FD4-05A87E8A4BDC}.Release|iPhoneSimulator.ActiveCfg = Release|Any CPU
		{A396E91E-3F0D-476F-8FD4-05A87E8A4BDC}.Release|iPhoneSimulator.Build.0 = Release|Any CPU
		{A396E91E-3F0D-476F-8FD4-05A87E8A4BDC}.Release|x86.ActiveCfg = Release|Any CPU
		{A396E91E-3F0D-476F-8FD4-05A87E8A4BDC}.Release|x86.Build.0 = Release|Any CPU
	EndGlobalSection
	GlobalSection(SolutionProperties) = preSolution
		HideSolutionNode = FALSE
	EndGlobalSection
EndGlobal
